Microsoft Visual Studio Solution File, Format Version 12.00
# Visual Studio Version 17
VisualStudioVersion = 17.5.2.0
MinimumVisualStudioVersion = 10.0.40219.1
Project("{FAE04EC0-301F-11D3-BF4B-00C04F79EFBC}") = "dia2.2", "dia2.2.csproj", "{77AF5D0D-F531-F52A-A04C-5B8448ADE92B}"
EndProject
Global
	GlobalSection(SolutionConfigurationPlatforms) = preSolution
		Debug|Any CPU = Debug|Any CPU
		Release|Any CPU = Release|Any CPU
	EndGlobalSection
	GlobalSection(ProjectConfigurationPlatforms) = postSolution
		{77AF5D0D-F531-F52A-A04C-5B8448ADE92B}.Debug|Any CPU.ActiveCfg = Debug|Any CPU
		{77AF5D0D-F531-F52A-A04C-5B8448ADE92B}.Debug|Any CPU.Build.0 = Debug|Any CPU
		{77AF5D0D-F531-F52A-A04C-5B8448ADE92B}.Release|Any CPU.ActiveCfg = Release|Any CPU
		{77AF5D0D-F531-F52A-A04C-5B8448ADE92B}.Release|Any CPU.Build.0 = Release|Any CPU
	EndGlobalSection
	GlobalSection(SolutionProperties) = preSolution
		HideSolutionNode = FALSE
	EndGlobalSection
	GlobalSection(ExtensibilityGlobals) = postSolution
		SolutionGuid = {3B637C40-9E14-4953-9F6F-720730E2DF24}
	EndGlobalSection
EndGlobal
